
Microsoft Visual Studio Solution File, Format Version 12.00
# Visual Studio Version 17
VisualStudioVersion = 17.12.35707.178 d17.12
MinimumVisualStudioVersion = 10.0.40219.1
Project("{FAE04EC0-301F-11D3-BF4B-00C04F79EFBC}") = "Kindergarten.API", "Kindergarten.API\Kindergarten.API.csproj", "{7D221C5D-BD6A-441E-A4E5-D780F4BC1A15}"
EndProject
Project("{FAE04EC0-301F-11D3-BF4B-00C04F79EFBC}") = "Kindergarten.Domain", "Kindergarten.Domain\Kindergarten.Domain.csproj", "{A1EA4F1E-2B3A-4253-AFBD-E9CE65D6CD2C}"
EndProject
Project("{FAE04EC0-301F-11D3-BF4B-00C04F79EFBC}") = "Kindergarten.Infrastructure", "Kindergarten.Infrastructure\Kindergarten.Infrastructure.csproj", "{E8B9A69C-BA96-43A7-A15C-56769E0F38B4}"
EndProject
Project("{FAE04EC0-301F-11D3-BF4B-00C04F79EFBC}") = "Kindergarten.Application", "Kindergarten.Application\Kindergarten.Application.csproj", "{AD67866E-744E-42D9-B8B0-93E832537B64}"
EndProject
Global
	GlobalSection(SolutionConfigurationPlatforms) = preSolution
		Debug|Any CPU = Debug|Any CPU
		Release|Any CPU = Release|Any CPU
	EndGlobalSection
	GlobalSection(ProjectConfigurationPlatforms) = postSolution
		{7D221C5D-BD6A-441E-A4E5-D780F4BC1A15}.Debug|Any CPU.ActiveCfg = Debug|Any CPU
		{7D221C5D-BD6A-441E-A4E5-D780F4BC1A15}.Debug|Any CPU.Build.0 = Debug|Any CPU
		{7D221C5D-BD6A-441E-A4E5-D780F4BC1A15}.Release|Any CPU.ActiveCfg = Release|Any CPU
		{7D221C5D-BD6A-441E-A4E5-D780F4BC1A15}.Release|Any CPU.Build.0 = Release|Any CPU
		{A1EA4F1E-2B3A-4253-AFBD-E9CE65D6CD2C}.Debug|Any CPU.ActiveCfg = Debug|Any CPU
		{A1EA4F1E-2B3A-4253-AFBD-E9CE65D6CD2C}.Debug|Any CPU.Build.0 = Debug|Any CPU
		{A1EA4F1E-2B3A-4253-AFBD-E9CE65D6CD2C}.Release|Any CPU.ActiveCfg = Release|Any CPU
		{A1EA4F1E-2B3A-4253-AFBD-E9CE65D6CD2C}.Release|Any CPU.Build.0 = Release|Any CPU
		{E8B9A69C-BA96-43A7-A15C-56769E0F38B4}.Debug|Any CPU.ActiveCfg = Debug|Any CPU
		{E8B9A69C-BA96-43A7-A15C-56769E0F38B4}.Debug|Any CPU.Build.0 = Debug|Any CPU
		{E8B9A69C-BA96-43A7-A15C-56769E0F38B4}.Release|Any CPU.ActiveCfg = Release|Any CPU
		{E8B9A69C-BA96-43A7-A15C-56769E0F38B4}.Release|Any CPU.Build.0 = Release|Any CPU
		{AD67866E-744E-42D9-B8B0-93E832537B64}.Debug|Any CPU.ActiveCfg = Debug|Any CPU
		{AD67866E-744E-42D9-B8B0-93E832537B64}.Debug|Any CPU.Build.0 = Debug|Any CPU
		{AD67866E-744E-42D9-B8B0-93E832537B64}.Release|Any CPU.ActiveCfg = Release|Any CPU
		{AD67866E-744E-42D9-B8B0-93E832537B64}.Release|Any CPU.Build.0 = Release|Any CPU
	EndGlobalSection
	GlobalSection(SolutionProperties) = preSolution
		HideSolutionNode = FALSE
	EndGlobalSection
EndGlobal
